
Microsoft Visual Studio Solution File, Format Version 12.00
# Visual Studio 2012
# SharpDevelop 5.1
VisualStudioVersion = 16.0.29728.190
MinimumVisualStudioVersion = 10.0.40219.1
Project("{FAE04EC0-301F-11D3-BF4B-00C04F79EFBC}") = "BSLib", "BSLib\BSLib.csproj", "{F657A1B7-C834-420A-B302-88460E3F6283}"
EndProject
Project("{FAE04EC0-301F-11D3-BF4B-00C04F79EFBC}") = "BSLib.Controls", "BSLib.Controls\BSLib.Controls.csproj", "{3180214E-8BFD-4B0B-AD9B-E298FAE67CCB}"
EndProject
Project("{FAE04EC0-301F-11D3-BF4B-00C04F79EFBC}") = "BSLib.Samples", "BSLib.Samples\BSLib.Samples.csproj", "{0766F8F3-3DF7-49F9-941B-1B5C0CA20939}"
EndProject
Project("{FAE04EC0-301F-11D3-BF4B-00C04F79EFBC}") = "BSLib.Tests", "BSLib.Tests\BSLib.Tests.csproj", "{A8B53A6B-40A6-40BA-A671-03FC911BC37B}"
EndProject
Project("{FAE04EC0-301F-11D3-BF4B-00C04F79EFBC}") = "BSLib.Linguistics", "BSLib.Linguistics\BSLib.Linguistics.csproj", "{D28680CF-06BA-4B0A-A9F0-FB45EB9CE92A}"
EndProject
Project("{FAE04EC0-301F-11D3-BF4B-00C04F79EFBC}") = "BSLib.DataViz.Model", "BSLib.DataViz.Model\BSLib.DataViz.Model.csproj", "{58E0DD1E-7A8C-4368-BAC8-BBBF7361AF2A}"
EndProject
Project("{FAE04EC0-301F-11D3-BF4B-00C04F79EFBC}") = "BSLib.DataViz.WFControls", "BSLib.DataViz.WFControls\BSLib.DataViz.WFControls.csproj", "{98F66BB1-0120-4E3D-95F6-F98152DEE3C8}"
EndProject
Project("{FAE04EC0-301F-11D3-BF4B-00C04F79EFBC}") = "UDNTest", "UDNTest\UDNTest.csproj", "{96B11E68-5F19-47AA-BD4D-4E07EC6ABE97}"
EndProject
Project("{FAE04EC0-301F-11D3-BF4B-00C04F79EFBC}") = "BSLib.Timeline", "BSLib.Timeline\BSLib.Timeline.csproj", "{5F95B084-2BF9-4A8D-8D83-F50FBE1B959C}"
EndProject
Project("{FAE04EC0-301F-11D3-BF4B-00C04F79EFBC}") = "BSLib.Design", "BSLib.Design\BSLib.Design.csproj", "{E8F0DD42-720B-498C-B8F1-B0E4445DEEAB}"
EndProject
Project("{FAE04EC0-301F-11D3-BF4B-00C04F79EFBC}") = "BSLib.Design.WFHandlers", "BSLib.Design.WFHandlers\BSLib.Design.WFHandlers.csproj", "{2E18902C-57F4-47FA-99F7-3B5D6318EF36}"
EndProject
Project("{2150E333-8FDC-42A3-9474-1A3956D46DE8}") = "Solution Items", "Solution Items", "{97BEBC70-01C3-4F47-8B91-58AD1A1C7E2D}"
	ProjectSection(SolutionItems) = preProject
		.editorconfig = .editorconfig
	EndProjectSection
EndProject
Project("{FAE04EC0-301F-11D3-BF4B-00C04F79EFBC}") = "BSLib.Surrogates", "BSLib.Surrogates\BSLib.Surrogates.csproj", "{7521B3A7-3EBE-49C2-AC34-A93E7E3FC59C}"
EndProject
Project("{FAE04EC0-301F-11D3-BF4B-00C04F79EFBC}") = "SpanTest", "SpanTest\SpanTest.csproj", "{B0D5135F-8D91-40E5-9C97-F5191CC719FA}"
EndProject
Global
	GlobalSection(SolutionConfigurationPlatforms) = preSolution
		Debug|Any CPU = Debug|Any CPU
		Release|Any CPU = Release|Any CPU
	EndGlobalSection
	GlobalSection(ProjectConfigurationPlatforms) = postSolution
		{F657A1B7-C834-420A-B302-88460E3F6283}.Debug|Any CPU.ActiveCfg = Debug|Any CPU
		{F657A1B7-C834-420A-B302-88460E3F6283}.Debug|Any CPU.Build.0 = Debug|Any CPU
		{F657A1B7-C834-420A-B302-88460E3F6283}.Release|Any CPU.ActiveCfg = Release|Any CPU
		{F657A1B7-C834-420A-B302-88460E3F6283}.Release|Any CPU.Build.0 = Release|Any CPU
		{3180214E-8BFD-4B0B-AD9B-E298FAE67CCB}.Debug|Any CPU.ActiveCfg = Debug|Any CPU
		{3180214E-8BFD-4B0B-AD9B-E298FAE67CCB}.Debug|Any CPU.Build.0 = Debug|Any CPU
		{3180214E-8BFD-4B0B-AD9B-E298FAE67CCB}.Release|Any CPU.ActiveCfg = Release|Any CPU
		{3180214E-8BFD-4B0B-AD9B-E298FAE67CCB}.Release|Any CPU.Build.0 = Release|Any CPU
		{0766F8F3-3DF7-49F9-941B-1B5C0CA20939}.Debug|Any CPU.ActiveCfg = Debug|Any CPU
		{0766F8F3-3DF7-49F9-941B-1B5C0CA20939}.Debug|Any CPU.Build.0 = Debug|Any CPU
		{0766F8F3-3DF7-49F9-941B-1B5C0CA20939}.Release|Any CPU.ActiveCfg = Release|Any CPU
		{0766F8F3-3DF7-49F9-941B-1B5C0CA20939}.Release|Any CPU.Build.0 = Release|Any CPU
		{A8B53A6B-40A6-40BA-A671-03FC911BC37B}.Debug|Any CPU.ActiveCfg = Debug|Any CPU
		{A8B53A6B-40A6-40BA-A671-03FC911BC37B}.Debug|Any CPU.Build.0 = Debug|Any CPU
		{A8B53A6B-40A6-40BA-A671-03FC911BC37B}.Release|Any CPU.ActiveCfg = Release|Any CPU
		{A8B53A6B-40A6-40BA-A671-03FC911BC37B}.Release|Any CPU.Build.0 = Release|Any CPU
		{D28680CF-06BA-4B0A-A9F0-FB45EB9CE92A}.Debug|Any CPU.ActiveCfg = Debug|Any CPU
		{D28680CF-06BA-4B0A-A9F0-FB45EB9CE92A}.Debug|Any CPU.Build.0 = Debug|Any CPU
		{D28680CF-06BA-4B0A-A9F0-FB45EB9CE92A}.Release|Any CPU.ActiveCfg = Release|Any CPU
		{D28680CF-06BA-4B0A-A9F0-FB45EB9CE92A}.Release|Any CPU.Build.0 = Release|Any CPU
		{58E0DD1E-7A8C-4368-BAC8-BBBF7361AF2A}.Debug|Any CPU.ActiveCfg = Debug|Any CPU
		{58E0DD1E-7A8C-4368-BAC8-BBBF7361AF2A}.Debug|Any CPU.Build.0 = Debug|Any CPU
		{58E0DD1E-7A8C-4368-BAC8-BBBF7361AF2A}.Release|Any CPU.ActiveCfg = Release|Any CPU
		{58E0DD1E-7A8C-4368-BAC8-BBBF7361AF2A}.Release|Any CPU.Build.0 = Release|Any CPU
		{98F66BB1-0120-4E3D-95F6-F98152DEE3C8}.Debug|Any CPU.ActiveCfg = Debug|Any CPU
		{98F66BB1-0120-4E3D-95F6-F98152DEE3C8}.Debug|Any CPU.Build.0 = Debug|Any CPU
		{98F66BB1-0120-4E3D-95F6-F98152DEE3C8}.Release|Any CPU.ActiveCfg = Release|Any CPU
		{98F66BB1-0120-4E3D-95F6-F98152DEE3C8}.Release|Any CPU.Build.0 = Release|Any CPU
		{96B11E68-5F19-47AA-BD4D-4E07EC6ABE97}.Debug|Any CPU.ActiveCfg = Debug|Any CPU
		{96B11E68-5F19-47AA-BD4D-4E07EC6ABE97}.Debug|Any CPU.Build.0 = Debug|Any CPU
		{96B11E68-5F19-47AA-BD4D-4E07EC6ABE97}.Release|Any CPU.ActiveCfg = Release|Any CPU
		{96B11E68-5F19-47AA-BD4D-4E07EC6ABE97}.Release|Any CPU.Build.0 = Release|Any CPU
		{5F95B084-2BF9-4A8D-8D83-F50FBE1B959C}.Debug|Any CPU.ActiveCfg = Debug|Any CPU
		{5F95B084-2BF9-4A8D-8D83-F50FBE1B959C}.Debug|Any CPU.Build.0 = Debug|Any CPU
		{5F95B084-2BF9-4A8D-8D83-F50FBE1B959C}.Release|Any CPU.ActiveCfg = Release|Any CPU
		{5F95B084-2BF9-4A8D-8D83-F50FBE1B959C}.Release|Any CPU.Build.0 = Release|Any CPU
		{E8F0DD42-720B-498C-B8F1-B0E4445DEEAB}.Debug|Any CPU.ActiveCfg = Debug|Any CPU
		{E8F0DD42-720B-498C-B8F1-B0E4445DEEAB}.Debug|Any CPU.Build.0 = Debug|Any CPU
		{E8F0DD42-720B-498C-B8F1-B0E4445DEEAB}.Release|Any CPU.ActiveCfg = Release|Any CPU
		{E8F0DD42-720B-498C-B8F1-B0E4445DEEAB}.Release|Any CPU.Build.0 = Release|Any CPU
		{2E18902C-57F4-47FA-99F7-3B5D6318EF36}.Debug|Any CPU.ActiveCfg = Debug|Any CPU
		{2E18902C-57F4-47FA-99F7-3B5D6318EF36}.Debug|Any CPU.Build.0 = Debug|Any CPU
		{2E18902C-57F4-47FA-99F7-3B5D6318EF36}.Release|Any CPU.ActiveCfg = Release|Any CPU
		{2E18902C-57F4-47FA-99F7-3B5D6318EF36}.Release|Any CPU.Build.0 = Release|Any CPU
		{7521B3A7-3EBE-49C2-AC34-A93E7E3FC59C}.Debug|Any CPU.ActiveCfg = Debug|Any CPU
		{7521B3A7-3EBE-49C2-AC34-A93E7E3FC59C}.Debug|Any CPU.Build.0 = Debug|Any CPU
		{7521B3A7-3EBE-49C2-AC34-A93E7E3FC59C}.Release|Any CPU.ActiveCfg = Release|Any CPU
		{7521B3A7-3EBE-49C2-AC34-A93E7E3FC59C}.Release|Any CPU.Build.0 = Release|Any CPU
		{B0D5135F-8D91-40E5-9C97-F5191CC719FA}.Debug|Any CPU.ActiveCfg = Debug|Any CPU
		{B0D5135F-8D91-40E5-9C97-F5191CC719FA}.Debug|Any CPU.Build.0 = Debug|Any CPU
		{B0D5135F-8D91-40E5-9C97-F5191CC719FA}.Release|Any CPU.ActiveCfg = Release|Any CPU
		{B0D5135F-8D91-40E5-9C97-F5191CC719FA}.Release|Any CPU.Build.0 = Release|Any CPU
	EndGlobalSection
	GlobalSection(SolutionProperties) = preSolution
		HideSolutionNode = FALSE
	EndGlobalSection
	GlobalSection(ExtensibilityGlobals) = postSolution
		SolutionGuid = {5C1F8C34-D35A-4C9D-90FA-D30673BDEF33}
	EndGlobalSection
EndGlobal
